
Microsoft Visual Studio Solution File, Format Version 12.00
# Visual Studio Version 17
VisualStudioVersion = 17.11.35312.102
MinimumVisualStudioVersion = 10.0.40219.1
Project("{FAE04EC0-301F-11D3-BF4B-00C04F79EFBC}") = "TodoCourse", "TodoCourse\TodoCourse.csproj", "{79557E0F-00D7-41F9-B621-4D8815B8F6A9}"
EndProject
Global
	GlobalSection(SolutionConfigurationPlatforms) = preSolution
		Debug|Any CPU = Debug|Any CPU
		Release|Any CPU = Release|Any CPU
	EndGlobalSection
	GlobalSection(ProjectConfigurationPlatforms) = postSolution
		{79557E0F-00D7-41F9-B621-4D8815B8F6A9}.Debug|Any CPU.ActiveCfg = Debug|Any CPU
		{79557E0F-00D7-41F9-B621-4D8815B8F6A9}.Debug|Any CPU.Build.0 = Debug|Any CPU
		{79557E0F-00D7-41F9-B621-4D8815B8F6A9}.Release|Any CPU.ActiveCfg = Release|Any CPU
		{79557E0F-00D7-41F9-B621-4D8815B8F6A9}.Release|Any CPU.Build.0 = Release|Any CPU
	EndGlobalSection
	GlobalSection(SolutionProperties) = preSolution
		HideSolutionNode = FALSE
	EndGlobalSection
	GlobalSection(ExtensibilityGlobals) = postSolution
		SolutionGuid = {771DF1CC-7F25-4359-A6EA-7AAFDB5AFFB3}
	EndGlobalSection
EndGlobal
